
Microsoft Visual Studio Solution File, Format Version 12.00
# Visual Studio Version 16
VisualStudioVersion = 16.0.29806.167
MinimumVisualStudioVersion = 10.0.40219.1
Project("{FAE04EC0-301F-11D3-BF4B-00C04F79EFBC}") = "StrictVsLoose", "StrictVsLoose\StrictVsLoose.csproj", "{56345310-98D4-427C-9F5B-556837CE5469}"
EndProject
Project("{FAE04EC0-301F-11D3-BF4B-00C04F79EFBC}") = "StrictVsLoose.Test", "StrictVsLoose.Test\StrictVsLoose.Test.csproj", "{88E7F24F-DEDC-46D8-85FF-9291910D3CA1}"
EndProject
Global
	GlobalSection(SolutionConfigurationPlatforms) = preSolution
		Debug|Any CPU = Debug|Any CPU
		Release|Any CPU = Release|Any CPU
	EndGlobalSection
	GlobalSection(ProjectConfigurationPlatforms) = postSolution
		{56345310-98D4-427C-9F5B-556837CE5469}.Debug|Any CPU.ActiveCfg = Debug|Any CPU
		{56345310-98D4-427C-9F5B-556837CE5469}.Debug|Any CPU.Build.0 = Debug|Any CPU
		{56345310-98D4-427C-9F5B-556837CE5469}.Release|Any CPU.ActiveCfg = Release|Any CPU
		{56345310-98D4-427C-9F5B-556837CE5469}.Release|Any CPU.Build.0 = Release|Any CPU
		{88E7F24F-DEDC-46D8-85FF-9291910D3CA1}.Debug|Any CPU.ActiveCfg = Debug|Any CPU
		{88E7F24F-DEDC-46D8-85FF-9291910D3CA1}.Debug|Any CPU.Build.0 = Debug|Any CPU
		{88E7F24F-DEDC-46D8-85FF-9291910D3CA1}.Release|Any CPU.ActiveCfg = Release|Any CPU
		{88E7F24F-DEDC-46D8-85FF-9291910D3CA1}.Release|Any CPU.Build.0 = Release|Any CPU
	EndGlobalSection
	GlobalSection(SolutionProperties) = preSolution
		HideSolutionNode = FALSE
	EndGlobalSection
	GlobalSection(ExtensibilityGlobals) = postSolution
		SolutionGuid = {86D2BD5A-1910-405F-8FF1-824AF5F6AC5F}
	EndGlobalSection
EndGlobal
